
Microsoft Visual Studio Solution File, Format Version 12.00
# Visual Studio 14
VisualStudioVersion = 14.0.25420.1
MinimumVisualStudioVersion = 10.0.40219.1
Project("{2150E333-8FDC-42A3-9474-1A3956D46DE8}") = "src", "src", "{B032C22A-59E2-458A-9EFD-86BEDFABC53B}"
EndProject
Project("{2150E333-8FDC-42A3-9474-1A3956D46DE8}") = "Solution Items", "Solution Items", "{6CBD0EAD-AE0D-4B2B-AE53-A6A76FC74389}"
	ProjectSection(SolutionItems) = preProject
		global.json = global.json
		WebEssentials2015-Settings.json = WebEssentials2015-Settings.json
	EndProjectSection
EndProject
Project("{8BB2217D-0F2D-49D1-97BC-3654ED321F3B}") = "FireSafetyTools", "src\FireSafetyTools\FireSafetyTools.xproj", "{14F0E8C0-3D4B-4F1D-84A8-FA3E1C6BC86C}"
EndProject
Project("{2150E333-8FDC-42A3-9474-1A3956D46DE8}") = "Test", "Test", "{C0476DFF-35BD-482B-9ED9-7A404C75FD1B}"
EndProject
Project("{FAE04EC0-301F-11D3-BF4B-00C04F79EFBC}") = "JsonSerializer.Test", "JsonSerializerTest\JsonSerializer.Test.csproj", "{99D87CC3-691A-477C-86BA-2B245BB72718}"
EndProject
Project("{FAE04EC0-301F-11D3-BF4B-00C04F79EFBC}") = "SmokeUnitConverter.Test", "SmokeUnitConverter.Test\SmokeUnitConverter.Test.csproj", "{E645006B-963D-4CE3-9405-9557550E003B}"
EndProject
Project("{FAE04EC0-301F-11D3-BF4B-00C04F79EFBC}") = "DesignFire.Test", "DesignFire.Test\DesignFire.Test.csproj", "{1038F527-8C8E-4128-8C24-A9FA8500A5B5}"
EndProject
Project("{FAE04EC0-301F-11D3-BF4B-00C04F79EFBC}") = "WorkingWithExcel.Test", "WorkingWithExcel.Test\WorkingWithExcel.Test.csproj", "{E3916BBF-1D51-4746-9D52-DE7230C198E5}"
EndProject
Project("{FAE04EC0-301F-11D3-BF4B-00C04F79EFBC}") = "Evacuation", "Evacuation\Evacuation.csproj", "{21411FFF-82A9-478C-AD7C-3F9D49CE4535}"
EndProject
Global
	GlobalSection(SolutionConfigurationPlatforms) = preSolution
		Debug|Any CPU = Debug|Any CPU
		Release|Any CPU = Release|Any CPU
	EndGlobalSection
	GlobalSection(ProjectConfigurationPlatforms) = postSolution
		{14F0E8C0-3D4B-4F1D-84A8-FA3E1C6BC86C}.Debug|Any CPU.ActiveCfg = Debug|Any CPU
		{14F0E8C0-3D4B-4F1D-84A8-FA3E1C6BC86C}.Debug|Any CPU.Build.0 = Debug|Any CPU
		{14F0E8C0-3D4B-4F1D-84A8-FA3E1C6BC86C}.Release|Any CPU.ActiveCfg = Release|Any CPU
		{14F0E8C0-3D4B-4F1D-84A8-FA3E1C6BC86C}.Release|Any CPU.Build.0 = Release|Any CPU
		{99D87CC3-691A-477C-86BA-2B245BB72718}.Debug|Any CPU.ActiveCfg = Debug|Any CPU
		{99D87CC3-691A-477C-86BA-2B245BB72718}.Debug|Any CPU.Build.0 = Debug|Any CPU
		{99D87CC3-691A-477C-86BA-2B245BB72718}.Release|Any CPU.ActiveCfg = Release|Any CPU
		{99D87CC3-691A-477C-86BA-2B245BB72718}.Release|Any CPU.Build.0 = Release|Any CPU
		{E645006B-963D-4CE3-9405-9557550E003B}.Debug|Any CPU.ActiveCfg = Debug|Any CPU
		{E645006B-963D-4CE3-9405-9557550E003B}.Debug|Any CPU.Build.0 = Debug|Any CPU
		{E645006B-963D-4CE3-9405-9557550E003B}.Release|Any CPU.ActiveCfg = Release|Any CPU
		{E645006B-963D-4CE3-9405-9557550E003B}.Release|Any CPU.Build.0 = Release|Any CPU
		{1038F527-8C8E-4128-8C24-A9FA8500A5B5}.Debug|Any CPU.ActiveCfg = Debug|Any CPU
		{1038F527-8C8E-4128-8C24-A9FA8500A5B5}.Debug|Any CPU.Build.0 = Debug|Any CPU
		{1038F527-8C8E-4128-8C24-A9FA8500A5B5}.Release|Any CPU.ActiveCfg = Release|Any CPU
		{1038F527-8C8E-4128-8C24-A9FA8500A5B5}.Release|Any CPU.Build.0 = Release|Any CPU
		{E3916BBF-1D51-4746-9D52-DE7230C198E5}.Debug|Any CPU.ActiveCfg = Debug|Any CPU
		{E3916BBF-1D51-4746-9D52-DE7230C198E5}.Debug|Any CPU.Build.0 = Debug|Any CPU
		{E3916BBF-1D51-4746-9D52-DE7230C198E5}.Release|Any CPU.ActiveCfg = Release|Any CPU
		{E3916BBF-1D51-4746-9D52-DE7230C198E5}.Release|Any CPU.Build.0 = Release|Any CPU
		{21411FFF-82A9-478C-AD7C-3F9D49CE4535}.Debug|Any CPU.ActiveCfg = Debug|Any CPU
		{21411FFF-82A9-478C-AD7C-3F9D49CE4535}.Debug|Any CPU.Build.0 = Debug|Any CPU
		{21411FFF-82A9-478C-AD7C-3F9D49CE4535}.Release|Any CPU.ActiveCfg = Release|Any CPU
		{21411FFF-82A9-478C-AD7C-3F9D49CE4535}.Release|Any CPU.Build.0 = Release|Any CPU
	EndGlobalSection
	GlobalSection(SolutionProperties) = preSolution
		HideSolutionNode = FALSE
	EndGlobalSection
	GlobalSection(NestedProjects) = preSolution
		{14F0E8C0-3D4B-4F1D-84A8-FA3E1C6BC86C} = {B032C22A-59E2-458A-9EFD-86BEDFABC53B}
		{99D87CC3-691A-477C-86BA-2B245BB72718} = {C0476DFF-35BD-482B-9ED9-7A404C75FD1B}
		{E645006B-963D-4CE3-9405-9557550E003B} = {C0476DFF-35BD-482B-9ED9-7A404C75FD1B}
		{1038F527-8C8E-4128-8C24-A9FA8500A5B5} = {C0476DFF-35BD-482B-9ED9-7A404C75FD1B}
		{E3916BBF-1D51-4746-9D52-DE7230C198E5} = {C0476DFF-35BD-482B-9ED9-7A404C75FD1B}
		{21411FFF-82A9-478C-AD7C-3F9D49CE4535} = {C0476DFF-35BD-482B-9ED9-7A404C75FD1B}
	EndGlobalSection
EndGlobal
